version = 1
revision = 3
requires-python = ">=3.14"

[[package]]
name = "micropython"
version = "0.1.0"
source = { virtual = "." }
dependencies = [
    { name = "micropython-esp32-stubs" },
]

[package.metadata]
requires-dist = [{ name = "micropython-esp32-stubs", specifier = ">=1.28.0.post4" }]

[[package]]
name = "micropython-esp32-stubs"
version = "1.28.0.post4"
source = { registry = "https://pypi.org/simple" }
dependencies = [
    { name = "micropython-stdlib-stubs" },
]
sdist = { url = "https://files.pythonhosted.org/packages/66/3c/e11ddd3b034872ae6a74d0af29f3749717477b280a50ccdb7b79ba6c9e98/micropython_esp32_stubs-1.28.0.post4.tar.gz", hash = "sha256:bc64dbea6d4c6305a1280d8cf484cb9be3fe2b9ece3c514c6d9ef0cf18838c9e", size = 101345, upload-time = "2026-05-20T12:32:51.354Z" }
wheels = [
    { url = "https://files.pythonhosted.org/packages/31/ce/01e397c7ef2593c9127e536734c460ca803890572b97a83616da33169364/micropython_esp32_stubs-1.28.0.post4-py2.py3-none-any.whl", hash = "sha256:75556dcb875eb8324c82e7727d447a7c58dd35fae8a411d5ef65ae8b495cc9ff", size = 126427, upload-time = "2026-05-20T12:32:52.591Z" },
]

[[package]]
name = "micropython-stdlib-stubs"
version = "1.28.0.post5"
source = { registry = "https://pypi.org/simple" }
wheels = [
    { url = "https://files.pythonhosted.org/packages/79/35/ed41077c239ad63681fb568817547afb44e7d33be8851af80c2f4934a7b9/micropython_stdlib_stubs-1.28.0.post5-py3-none-any.whl", hash = "sha256:2786030144710958c5a57d11ef1f7aa66ddabc566e2ec16d0fa549eeb9689141", size = 148984, upload-time = "2026-05-20T12:35:25.54Z" },
]
